
Microsoft Visual Studio Solution File, Format Version 12.00
# Visual Studio Version 17
VisualStudioVersion = 17.13.35931.197 d17.13
MinimumVisualStudioVersion = 10.0.40219.1
Project("{FAE04EC0-301F-11D3-BF4B-00C04F79EFBC}") = "MathMiniGames", "MathMiniGames\MathMiniGames.csproj", "{E98C6E2C-A6E6-41FF-88F5-289308A38077}"
EndProject
Global
	GlobalSection(SolutionConfigurationPlatforms) = preSolution
		Debug|Any CPU = Debug|Any CPU
		Release|Any CPU = Release|Any CPU
	EndGlobalSection
	GlobalSection(ProjectConfigurationPlatforms) = postSolution
		{E98C6E2C-A6E6-41FF-88F5-289308A38077}.Debug|Any CPU.ActiveCfg = Debug|Any CPU
		{E98C6E2C-A6E6-41FF-88F5-289308A38077}.Debug|Any CPU.Build.0 = Debug|Any CPU
		{E98C6E2C-A6E6-41FF-88F5-289308A38077}.Release|Any CPU.ActiveCfg = Release|Any CPU
		{E98C6E2C-A6E6-41FF-88F5-289308A38077}.Release|Any CPU.Build.0 = Release|Any CPU
	EndGlobalSection
	GlobalSection(SolutionProperties) = preSolution
		HideSolutionNode = FALSE
	EndGlobalSection
	GlobalSection(ExtensibilityGlobals) = postSolution
		SolutionGuid = {FDD5C0E8-CF25-48E7-8F53-649BB6080D95}
	EndGlobalSection
EndGlobal
